
Microsoft Visual Studio Solution File, Format Version 12.00
# Visual Studio 15
VisualStudioVersion = 15.0.27703.2000
MinimumVisualStudioVersion = 10.0.40219.1
Project("{FAE04EC0-301F-11D3-BF4B-00C04F79EFBC}") = "FreezeLine", "FreezeLine\FreezeLine.csproj", "{5B59BC30-C0A2-4985-A77D-17E093884B7E}"
EndProject
Global
	GlobalSection(SolutionConfigurationPlatforms) = preSolution
		Debug|Any CPU = Debug|Any CPU
		Release|Any CPU = Release|Any CPU
	EndGlobalSection
	GlobalSection(ProjectConfigurationPlatforms) = postSolution
		{5B59BC30-C0A2-4985-A77D-17E093884B7E}.Debug|Any CPU.ActiveCfg = Debug|Any CPU
		{5B59BC30-C0A2-4985-A77D-17E093884B7E}.Debug|Any CPU.Build.0 = Debug|Any CPU
		{5B59BC30-C0A2-4985-A77D-17E093884B7E}.Release|Any CPU.ActiveCfg = Release|Any CPU
		{5B59BC30-C0A2-4985-A77D-17E093884B7E}.Release|Any CPU.Build.0 = Release|Any CPU
	EndGlobalSection
	GlobalSection(SolutionProperties) = preSolution
		HideSolutionNode = FALSE
	EndGlobalSection
	GlobalSection(ExtensibilityGlobals) = postSolution
		SolutionGuid = {1C89C841-8C6A-4F5E-BE23-4F63166C8FE4}
	EndGlobalSection
EndGlobal
